{
    "_readme": [
        "This file locks the dependencies of your project to a known state",
        "Read more about it at https://getcomposer.org/doc/01-basic-usage.md#installing-dependencies",
        "This file is @generated automatically"
    ],
    "content-hash": "34101e00d70a0fd3ebd9854dbc4a4df3",
    "packages": [
        {
            "name": "kirillkhimich/sitemap",
            "version": "dev-master",
            "source": {
                "type": "git",
                "url": "https://github.com/KirillKhimich/sitemap.git",
                "reference": "3ea8a9fe73738b722b803a91cb61dca09e3a18e8"
            },
            "dist": {
                "type": "zip",
                "url": "https://api.github.com/repos/KirillKhimich/sitemap/zipball/3ea8a9fe73738b722b803a91cb61dca09e3a18e8",
                "reference": "3ea8a9fe73738b722b803a91cb61dca09e3a18e8",
                "shasum": ""
            },
            "default-branch": true,
            "type": "library",
            "autoload": {
                "psr-4": {
                    "Kirillkhimich\\Sitemap\\": "src/"
                }
            },
            "notification-url": "https://packagist.org/downloads/",
            "license": [
                "MIT"
            ],
            "authors": [
                {
                    "name": "Kirill Khimich"
                }
            ],
            "support": {
                "issues": "https://github.com/KirillKhimich/sitemap/issues",
                "source": "https://github.com/KirillKhimich/sitemap/tree/master"
            },
            "time": "2022-07-18T07:16:27+00:00"
        }
    ],
    "packages-dev": [],
    "aliases": [],
    "minimum-stability": "dev",
    "stability-flags": {
        "kirillkhimich/sitemap": 20
    },
    "prefer-stable": false,
    "prefer-lowest": false,
    "platform": [],
    "platform-dev": [],
    "plugin-api-version": "2.3.0"
}
